// !$*UTF8*$!
{
	archiveVersion = 1;
	classes = {
	};
	objectVersion = 50;
	objects = {

/* Begin PBXBuildFile section */
		3C1EC061214505C500815BC1 /* SRCFoundation.framework in Frameworks */ = {isa = PBXBuildFile; fileRef = 3C1EC060214505C500815BC1 /* SRCFoundation.framework */; };
		3C77E08E2144C04E008BCE36 /* AppDelegate.m in Sources */ = {isa = PBXBuildFile; fileRef = 3C77E08D2144C04E008BCE36 /* AppDelegate.m */; };
		3C77E0912144C04E008BCE36 /* ViewController.m in Sources */ = {isa = PBXBuildFile; fileRef = 3C77E0902144C04E008BCE36 /* ViewController.m */; };
		3C77E0942144C04E008BCE36 /* Main.storyboard in Resources */ = {isa = PBXBuildFile; fileRef = 3C77E0922144C04E008BCE36 /* Main.storyboard */; };
		3C77E0962144C050008BCE36 /* Assets.xcassets in Resources */ = {isa = PBXBuildFile; fileRef = 3C77E0952144C050008BCE36 /* Assets.xcassets */; };
		3C77E0992144C050008BCE36 /* LaunchScreen.storyboard in Resources */ = {isa = PBXBuildFile; fileRef = 3C77E0972144C050008BCE36 /* LaunchScreen.storyboard */; };
		3C77E09C2144C050008BCE36 /* main.m in Sources */ = {isa = PBXBuildFile; fileRef = 3C77E09B2144C050008BCE36 /* main.m */; };
		3C77E0A62144C050008BCE36 /* NewsTests.m in Sources */ = {isa = PBXBuildFile; fileRef = 3C77E0A52144C050008BCE36 /* NewsTests.m */; };
		3C77E0B12144C050008BCE36 /* NewsUITests.m in Sources */ = {isa = PBXBuildFile; fileRef = 3C77E0B02144C050008BCE36 /* NewsUITests.m */; };
/* End PBXBuildFile section */

/* Begin PBXContainerItemProxy section */
		3C77E0A22144C050008BCE36 /* PBXContainerItemProxy */ = {
			isa = PBXContainerItemProxy;
			containerPortal = 3C77E0812144C04E008BCE36 /* Project object */;
			proxyType = 1;
			remoteGlobalIDString = 3C77E0882144C04E008BCE36;
			remoteInfo = News;
		};
		3C77E0AD2144C050008BCE36 /* PBXContainerItemProxy */ = {
			isa = PBXContainerItemProxy;
			containerPortal = 3C77E0812144C04E008BCE36 /* Project object */;
			proxyType = 1;
			remoteGlobalIDString = 3C77E0882144C04E008BCE36;
			remoteInfo = News;
		};
/* End PBXContainerItemProxy section */

/* Begin PBXFileReference section */
		3C1EC060214505C500815BC1 /* SRCFoundation.framework */ = {isa = PBXFileReference; lastKnownFileType = wrapper.framework; path = SRCFoundation.framework; sourceTree = "<group>"; };
		3C77E0892144C04E008BCE36 /* News.app */ = {isa = PBXFileReference; explicitFileType = wrapper.application; includeInIndex = 0; path = News.app; sourceTree = BUILT_PRODUCTS_DIR; };
		3C77E08C2144C04E008BCE36 /* AppDelegate.h */ = {isa = PBXFileReference; lastKnownFileType = sourcecode.c.h; path = AppDelegate.h; sourceTree = "<group>"; };
		3C77E08D2144C04E008BCE36 /* AppDelegate.m */ = {isa = PBXFileReference; lastKnownFileType = sourcecode.c.objc; path = AppDelegate.m; sourceTree = "<group>"; };
		3C77E08F2144C04E008BCE36 /* ViewController.h */ = {isa = PBXFileReference; lastKnownFileType = sourcecode.c.h; path = ViewController.h; sourceTree = "<group>"; };
		3C77E0902144C04E008BCE36 /* ViewController.m */ = {isa = PBXFileReference; lastKnownFileType = sourcecode.c.objc; path = ViewController.m; sourceTree = "<group>"; };
		3C77E0932144C04E008BCE36 /* Base */ = {isa = PBXFileReference; lastKnownFileType = file.storyboard; name = Base; path = Base.lproj/Main.storyboard; sourceTree = "<group>"; };
		3C77E0952144C050008BCE36 /* Assets.xcassets */ = {isa = PBXFileReference; lastKnownFileType = folder.assetcatalog; path = Assets.xcassets; sourceTree = "<group>"; };
		3C77E0982144C050008BCE36 /* Base */ = {isa = PBXFileReference; lastKnownFileType = file.storyboard; name = Base; path = Base.lproj/LaunchScreen.storyboard; sourceTree = "<group>"; };
		3C77E09A2144C050008BCE36 /* Info.plist */ = {isa = PBXFileReference; lastKnownFileType = text.plist.xml; path = Info.plist; sourceTree = "<group>"; };
		3C77E09B2144C050008BCE36 /* main.m */ = {isa = PBXFileReference; lastKnownFileType = sourcecode.c.objc; path = main.m; sourceTree = "<group>"; };
		3C77E0A12144C050008BCE36 /* NewsTests.xctest */ = {isa = PBXFileReference; explicitFileType = wrapper.cfbundle; includeInIndex = 0; path = NewsTests.xctest; sourceTree = BUILT_PRODUCTS_DIR; };
		3C77E0A52144C050008BCE36 /* NewsTests.m */ = {isa = PBXFileReference; lastKnownFileType = sourcecode.c.objc; path = NewsTests.m; sourceTree = "<group>"; };
		3C77E0A72144C050008BCE36 /* Info.plist */ = {isa = PBXFileReference; lastKnownFileType = text.plist.xml; path = Info.plist; sourceTree = "<group>"; };
		3C77E0AC2144C050008BCE36 /* NewsUITests.xctest */ = {isa = PBXFileReference; explicitFileType = wrapper.cfbundle; includeInIndex = 0; path = NewsUITests.xctest; sourceTree = BUILT_PRODUCTS_DIR; };
		3C77E0B02144C050008BCE36 /* NewsUITests.m */ = {isa = PBXFileReference; lastKnownFileType = sourcecode.c.objc; path = NewsUITests.m; sourceTree = "<group>"; };
		3C77E0B22144C050008BCE36 /* Info.plist */ = {isa = PBXFileReference; lastKnownFileType = text.plist.xml; path = Info.plist; sourceTree = "<group>"; };
/* End PBXFileReference section */

/* Begin PBXFrameworksBuildPhase section */
		3C77E0862144C04E008BCE36 /* Frameworks */ = {
			isa = PBXFrameworksBuildPhase;
			buildActionMask = 2147483647;
			files = (
				3C1EC061214505C500815BC1 /* SRCFoundation.framework in Frameworks */,
			);
			runOnlyForDeploymentPostprocessing = 0;
		};
		3C77E09E2144C050008BCE36 /* Frameworks */ = {
			isa = PBXFrameworksBuildPhase;
			buildActionMask = 2147483647;
			files = (
			);
			runOnlyForDeploymentPostprocessing = 0;
		};
		3C77E0A92144C050008BCE36 /* Frameworks */ = {
			isa = PBXFrameworksBuildPhase;
			buildActionMask = 2147483647;
			files = (
			);
			runOnlyForDeploymentPostprocessing = 0;
		};
/* End PBXFrameworksBuildPhase section */

/* Begin PBXGroup section */
		3C1EC05F214505C500815BC1 /* ShareLib */ = {
			isa = PBXGroup;
			children = (
				3C1EC060214505C500815BC1 /* SRCFoundation.framework */,
			);
			path = ShareLib;
			sourceTree = "<group>";
		};
		3C77E0802144C04E008BCE36 = {
			isa = PBXGroup;
			children = (
				3C77E08B2144C04E008BCE36 /* News */,
				3C77E0A42144C050008BCE36 /* NewsTests */,
				3C77E0AF2144C050008BCE36 /* NewsUITests */,
				3C77E08A2144C04E008BCE36 /* Products */,
			);
			sourceTree = "<group>";
		};
		3C77E08A2144C04E008BCE36 /* Products */ = {
			isa = PBXGroup;
			children = (
				3C77E0892144C04E008BCE36 /* News.app */,
				3C77E0A12144C050008BCE36 /* NewsTests.xctest */,
				3C77E0AC2144C050008BCE36 /* NewsUITests.xctest */,
			);
			name = Products;
			sourceTree = "<group>";
		};
		3C77E08B2144C04E008BCE36 /* News */ = {
			isa = PBXGroup;
			children = (
				3C1EC05F214505C500815BC1 /* ShareLib */,
				3C77E08C2144C04E008BCE36 /* AppDelegate.h */,
				3C77E08D2144C04E008BCE36 /* AppDelegate.m */,
				3C77E08F2144C04E008BCE36 /* ViewController.h */,
				3C77E0902144C04E008BCE36 /* ViewController.m */,
				3C77E0922144C04E008BCE36 /* Main.storyboard */,
				3C77E0952144C050008BCE36 /* Assets.xcassets */,
				3C77E0972144C050008BCE36 /* LaunchScreen.storyboard */,
				3C77E09A2144C050008BCE36 /* Info.plist */,
				3C77E09B2144C050008BCE36 /* main.m */,
			);
			path = News;
			sourceTree = "<group>";
		};
		3C77E0A42144C050008BCE36 /* NewsTests */ = {
			isa = PBXGroup;
			children = (
				3C77E0A52144C050008BCE36 /* NewsTests.m */,
				3C77E0A72144C050008BCE36 /* Info.plist */,
			);
			path = NewsTests;
			sourceTree = "<group>";
		};
		3C77E0AF2144C050008BCE36 /* NewsUITests */ = {
			isa = PBXGroup;
			children = (
				3C77E0B02144C050008BCE36 /* NewsUITests.m */,
				3C77E0B22144C050008BCE36 /* Info.plist */,
			);
			path = NewsUITests;
			sourceTree = "<group>";
		};
/* End PBXGroup section */

/* Begin PBXNativeTarget section */
		3C77E0882144C04E008BCE36 /* News */ = {
			isa = PBXNativeTarget;
			buildConfigurationList = 3C77E0B52144C050008BCE36 /* Build configuration list for PBXNativeTarget "News" */;
			buildPhases = (
				3C77E0852144C04E008BCE36 /* Sources */,
				3C77E0862144C04E008BCE36 /* Frameworks */,
				3C77E0872144C04E008BCE36 /* Resources */,
			);
			buildRules = (
			);
			dependencies = (
			);
			name = News;
			productName = News;
			productReference = 3C77E0892144C04E008BCE36 /* News.app */;
			productType = "com.apple.product-type.application";
		};
		3C77E0A02144C050008BCE36 /* NewsTests */ = {
			isa = PBXNativeTarget;
			buildConfigurationList = 3C77E0B82144C050008BCE36 /* Build configuration list for PBXNativeTarget "NewsTests" */;
			buildPhases = (
				3C77E09D2144C050008BCE36 /* Sources */,
				3C77E09E2144C050008BCE36 /* Frameworks */,
				3C77E09F2144C050008BCE36 /* Resources */,
			);
			buildRules = (
			);
			dependencies = (
				3C77E0A32144C050008BCE36 /* PBXTargetDependency */,
			);
			name = NewsTests;
			productName = NewsTests;
			productReference = 3C77E0A12144C050008BCE36 /* NewsTests.xctest */;
			productType = "com.apple.product-type.bundle.unit-test";
		};
		3C77E0AB2144C050008BCE36 /* NewsUITests */ = {
			isa = PBXNativeTarget;
			buildConfigurationList = 3C77E0BB2144C050008BCE36 /* Build configuration list for PBXNativeTarget "NewsUITests" */;
			buildPhases = (
				3C77E0A82144C050008BCE36 /* Sources */,
				3C77E0A92144C050008BCE36 /* Frameworks */,
				3C77E0AA2144C050008BCE36 /* Resources */,
			);
			buildRules = (
			);
			dependencies = (
				3C77E0AE2144C050008BCE36 /* PBXTargetDependency */,
			);
			name = NewsUITests;
			productName = NewsUITests;
			productReference = 3C77E0AC2144C050008BCE36 /* NewsUITests.xctest */;
			productType = "com.apple.product-type.bundle.ui-testing";
		};
/* End PBXNativeTarget section */

/* Begin PBXProject section */
		3C77E0812144C04E008BCE36 /* Project object */ = {
			isa = PBXProject;
			attributes = {
				LastUpgradeCheck = 0940;
				ORGANIZATIONNAME = "史瑞昌";
				TargetAttributes = {
					3C77E0882144C04E008BCE36 = {
						CreatedOnToolsVersion = 9.4.1;
					};
					3C77E0A02144C050008BCE36 = {
						CreatedOnToolsVersion = 9.4.1;
						TestTargetID = 3C77E0882144C04E008BCE36;
					};
					3C77E0AB2144C050008BCE36 = {
						CreatedOnToolsVersion = 9.4.1;
						TestTargetID = 3C77E0882144C04E008BCE36;
					};
				};
			};
			buildConfigurationList = 3C77E0842144C04E008BCE36 /* Build configuration list for PBXProject "News" */;
			compatibilityVersion = "Xcode 9.3";
			developmentRegion = en;
			hasScannedForEncodings = 0;
			knownRegions = (
				en,
				Base,
			);
			mainGroup = 3C77E0802144C04E008BCE36;
			productRefGroup = 3C77E08A2144C04E008BCE36 /* Products */;
			projectDirPath = "";
			projectRoot = "";
			targets = (
				3C77E0882144C04E008BCE36 /* News */,
				3C77E0A02144C050008BCE36 /* NewsTests */,
				3C77E0AB2144C050008BCE36 /* NewsUITests */,
			);
		};
/* End PBXProject section */

/* Begin PBXResourcesBuildPhase section */
		3C77E0872144C04E008BCE36 /* Resources */ = {
			isa = PBXResourcesBuildPhase;
			buildActionMask = 2147483647;
			files = (
				3C77E0992144C050008BCE36 /* LaunchScreen.storyboard in Resources */,
				3C77E0962144C050008BCE36 /* Assets.xcassets in Resources */,
				3C77E0942144C04E008BCE36 /* Main.storyboard in Resources */,
			);
			runOnlyForDeploymentPostprocessing = 0;
		};
		3C77E09F2144C050008BCE36 /* Resources */ = {
			isa = PBXResourcesBuildPhase;
			buildActionMask = 2147483647;
			files = (
			);
			runOnlyForDeploymentPostprocessing = 0;
		};
		3C77E0AA2144C050008BCE36 /* Resources */ = {
			isa = PBXResourcesBuildPhase;
			buildActionMask = 2147483647;
			files = (
			);
			runOnlyForDeploymentPostprocessing = 0;
		};
/* End PBXResourcesBuildPhase section */

/* Begin PBXSourcesBuildPhase section */
		3C77E0852144C04E008BCE36 /* Sources */ = {
			isa = PBXSourcesBuildPhase;
			buildActionMask = 2147483647;
			files = (
				3C77E0912144C04E008BCE36 /* ViewController.m in Sources */,
				3C77E09C2144C050008BCE36 /* main.m in Sources */,
				3C77E08E2144C04E008BCE36 /* AppDelegate.m in Sources */,
			);
			runOnlyForDeploymentPostprocessing = 0;
		};
		3C77E09D2144C050008BCE36 /* Sources */ = {
			isa = PBXSourcesBuildPhase;
			buildActionMask = 2147483647;
			files = (
				3C77E0A62144C050008BCE36 /* NewsTests.m in Sources */,
			);
			runOnlyForDeploymentPostprocessing = 0;
		};
		3C77E0A82144C050008BCE36 /* Sources */ = {
			isa = PBXSourcesBuildPhase;
			buildActionMask = 2147483647;
			files = (
				3C77E0B12144C050008BCE36 /* NewsUITests.m in Sources */,
			);
			runOnlyForDeploymentPostprocessing = 0;
		};
/* End PBXSourcesBuildPhase section */

/* Begin PBXTargetDependency section */
		3C77E0A32144C050008BCE36 /* PBXTargetDependency */ = {
			isa = PBXTargetDependency;
			target = 3C77E0882144C04E008BCE36 /* News */;
			targetProxy = 3C77E0A22144C050008BCE36 /* PBXContainerItemProxy */;
		};
		3C77E0AE2144C050008BCE36 /* PBXTargetDependency */ = {
			isa = PBXTargetDependency;
			target = 3C77E0882144C04E008BCE36 /* News */;
			targetProxy = 3C77E0AD2144C050008BCE36 /* PBXContainerItemProxy */;
		};
/* End PBXTargetDependency section */

/* Begin PBXVariantGroup section */
		3C77E0922144C04E008BCE36 /* Main.storyboard */ = {
			isa = PBXVariantGroup;
			children = (
				3C77E0932144C04E008BCE36 /* Base */,
			);
			name = Main.storyboard;
			sourceTree = "<group>";
		};
		3C77E0972144C050008BCE36 /* LaunchScreen.storyboard */ = {
			isa = PBXVariantGroup;
			children = (
				3C77E0982144C050008BCE36 /* Base */,
			);
			name = LaunchScreen.storyboard;
			sourceTree = "<group>";
		};
/* End PBXVariantGroup section */

/* Begin XCBuildConfiguration section */
		3C77E0B32144C050008BCE36 /* Debug */ = {
			isa = XCBuildConfiguration;
			buildSettings = {
				ALWAYS_SEARCH_USER_PATHS = NO;
				CLANG_ANALYZER_NONNULL = YES;
				CLANG_ANALYZER_NUMBER_OBJECT_CONVERSION = YES_AGGRESSIVE;
				CLANG_CXX_LANGUAGE_STANDARD = "gnu++14";
				CLANG_CXX_LIBRARY = "libc++";
				CLANG_ENABLE_MODULES = YES;
				CLANG_ENABLE_OBJC_ARC = YES;
				CLANG_ENABLE_OBJC_WEAK = YES;
				CLANG_WARN_BLOCK_CAPTURE_AUTORELEASING = YES;
				CLANG_WARN_BOOL_CONVERSION = YES;
				CLANG_WARN_COMMA = YES;
				CLANG_WARN_CONSTANT_CONVERSION = YES;
				CLANG_WARN_DEPRECATED_OBJC_IMPLEMENTATIONS = YES;
				CLANG_WARN_DIRECT_OBJC_ISA_USAGE = YES_ERROR;
				CLANG_WARN_DOCUMENTATION_COMMENTS = YES;
				CLANG_WARN_EMPTY_BODY = YES;
				CLANG_WARN_ENUM_CONVERSION = YES;
				CLANG_WARN_INFINITE_RECURSION = YES;
				CLANG_WARN_INT_CONVERSION = YES;
				CLANG_WARN_NON_LITERAL_NULL_CONVERSION = YES;
				CLANG_WARN_OBJC_IMPLICIT_RETAIN_SELF = YES;
				CLANG_WARN_OBJC_LITERAL_CONVERSION = YES;
				CLANG_WARN_OBJC_ROOT_CLASS = YES_ERROR;
				CLANG_WARN_RANGE_LOOP_ANALYSIS = YES;
				CLANG_WARN_STRICT_PROTOTYPES = YES;
				CLANG_WARN_SUSPICIOUS_MOVE = YES;
				CLANG_WARN_UNGUARDED_AVAILABILITY = YES_AGGRESSIVE;
				CLANG_WARN_UNREACHABLE_CODE = YES;
				CLANG_WARN__DUPLICATE_METHOD_MATCH = YES;
				CODE_SIGN_IDENTITY = "iPhone Developer";
				COPY_PHASE_STRIP = NO;
				DEBUG_INFORMATION_FORMAT = dwarf;
				ENABLE_STRICT_OBJC_MSGSEND = YES;
				ENABLE_TESTABILITY = YES;
				GCC_C_LANGUAGE_STANDARD = gnu11;
				GCC_DYNAMIC_NO_PIC = NO;
				GCC_NO_COMMON_BLOCKS = YES;
				GCC_OPTIMIZATION_LEVEL = 0;
				GCC_PREPROCESSOR_DEFINITIONS = (
					"DEBUG=1",
					"$(inherited)",
				);
				GCC_WARN_64_TO_32_BIT_CONVERSION = YES;
				GCC_WARN_ABOUT_RETURN_TYPE = YES_ERROR;
				GCC_WARN_UNDECLARED_SELECTOR = YES;
				GCC_WARN_UNINITIALIZED_AUTOS = YES_AGGRESSIVE;
				GCC_WARN_UNUSED_FUNCTION = YES;
				GCC_WARN_UNUSED_VARIABLE = YES;
				IPHONEOS_DEPLOYMENT_TARGET = 11.4;
				MTL_ENABLE_DEBUG_INFO = YES;
				ONLY_ACTIVE_ARCH = YES;
				SDKROOT = iphoneos;
			};
			name = Debug;
		};
		3C77E0B42144C050008BCE36 /* Release */ = {
			isa = XCBuildConfiguration;
			buildSettings = {
				ALWAYS_SEARCH_USER_PATHS = NO;
				CLANG_ANALYZER_NONNULL = YES;
				CLANG_ANALYZER_NUMBER_OBJECT_CONVERSION = YES_AGGRESSIVE;
				CLANG_CXX_LANGUAGE_STANDARD = "gnu++14";
				CLANG_CXX_LIBRARY = "libc++";
				CLANG_ENABLE_MODULES = YES;
				CLANG_ENABLE_OBJC_ARC = YES;
				CLANG_ENABLE_OBJC_WEAK = YES;
				CLANG_WARN_BLOCK_CAPTURE_AUTORELEASING = YES;
				CLANG_WARN_BOOL_CONVERSION = YES;
				CLANG_WARN_COMMA = YES;
				CLANG_WARN_CONSTANT_CONVERSION = YES;
				CLANG_WARN_DEPRECATED_OBJC_IMPLEMENTATIONS = YES;
				CLANG_WARN_DIRECT_OBJC_ISA_USAGE = YES_ERROR;
				CLANG_WARN_DOCUMENTATION_COMMENTS = YES;
				CLANG_WARN_EMPTY_BODY = YES;
				CLANG_WARN_ENUM_CONVERSION = YES;
				CLANG_WARN_INFINITE_RECURSION = YES;
				CLANG_WARN_INT_CONVERSION = YES;
				CLANG_WARN_NON_LITERAL_NULL_CONVERSION = YES;
				CLANG_WARN_OBJC_IMPLICIT_RETAIN_SELF = YES;
				CLANG_WARN_OBJC_LITERAL_CONVERSION = YES;
				CLANG_WARN_OBJC_ROOT_CLASS = YES_ERROR;
				CLANG_WARN_RANGE_LOOP_ANALYSIS = YES;
				CLANG_WARN_STRICT_PROTOTYPES = YES;
				CLANG_WARN_SUSPICIOUS_MOVE = YES;
				CLANG_WARN_UNGUARDED_AVAILABILITY = YES_AGGRESSIVE;
				CLANG_WARN_UNREACHABLE_CODE = YES;
				CLANG_WARN__DUPLICATE_METHOD_MATCH = YES;
				CODE_SIGN_IDENTITY = "iPhone Developer";
				COPY_PHASE_STRIP = NO;
				DEBUG_INFORMATION_FORMAT = "dwarf-with-dsym";
				ENABLE_NS_ASSERTIONS = NO;
				ENABLE_STRICT_OBJC_MSGSEND = YES;
				GCC_C_LANGUAGE_STANDARD = gnu11;
				GCC_NO_COMMON_BLOCKS = YES;
				GCC_WARN_64_TO_32_BIT_CONVERSION = YES;
				GCC_WARN_ABOUT_RETURN_TYPE = YES_ERROR;
				GCC_WARN_UNDECLARED_SELECTOR = YES;
				GCC_WARN_UNINITIALIZED_AUTOS = YES_AGGRESSIVE;
				GCC_WARN_UNUSED_FUNCTION = YES;
				GCC_WARN_UNUSED_VARIABLE = YES;
				IPHONEOS_DEPLOYMENT_TARGET = 11.4;
				MTL_ENABLE_DEBUG_INFO = NO;
				SDKROOT = iphoneos;
				VALIDATE_PRODUCT = YES;
			};
			name = Release;
		};
		3C77E0B62144C050008BCE36 /* Debug */ = {
			isa = XCBuildConfiguration;
			buildSettings = {
				ASSETCATALOG_COMPILER_APPICON_NAME = AppIcon;
				CODE_SIGN_STYLE = Automatic;
				FRAMEWORK_SEARCH_PATHS = (
					"$(inherited)",
					"$(PROJECT_DIR)/News/ShareLib",
				);
				INFOPLIST_FILE = News/Info.plist;
				LD_RUNPATH_SEARCH_PATHS = (
					"$(inherited)",
					"@executable_path/Frameworks",
				);
				PRODUCT_BUNDLE_IDENTIFIER = Src.News;
				PRODUCT_NAME = "$(TARGET_NAME)";
				TARGETED_DEVICE_FAMILY = "1,2";
			};
			name = Debug;
		};
		3C77E0B72144C050008BCE36 /* Release */ = {
			isa = XCBuildConfiguration;
			buildSettings = {
				ASSETCATALOG_COMPILER_APPICON_NAME = AppIcon;
				CODE_SIGN_STYLE = Automatic;
				FRAMEWORK_SEARCH_PATHS = (
					"$(inherited)",
					"$(PROJECT_DIR)/News/ShareLib",
				);
				INFOPLIST_FILE = News/Info.plist;
				LD_RUNPATH_SEARCH_PATHS = (
					"$(inherited)",
					"@executable_path/Frameworks",
				);
				PRODUCT_BUNDLE_IDENTIFIER = Src.News;
				PRODUCT_NAME = "$(TARGET_NAME)";
				TARGETED_DEVICE_FAMILY = "1,2";
			};
			name = Release;
		};
		3C77E0B92144C050008BCE36 /* Debug */ = {
			isa = XCBuildConfiguration;
			buildSettings = {
				BUNDLE_LOADER = "$(TEST_HOST)";
				CODE_SIGN_STYLE = Automatic;
				INFOPLIST_FILE = NewsTests/Info.plist;
				LD_RUNPATH_SEARCH_PATHS = (
					"$(inherited)",
					"@executable_path/Frameworks",
					"@loader_path/Frameworks",
				);
				PRODUCT_BUNDLE_IDENTIFIER = Src.NewsTests;
				PRODUCT_NAME = "$(TARGET_NAME)";
				TARGETED_DEVICE_FAMILY = "1,2";
				TEST_HOST = "$(BUILT_PRODUCTS_DIR)/News.app/News";
			};
			name = Debug;
		};
		3C77E0BA2144C050008BCE36 /* Release */ = {
			isa = XCBuildConfiguration;
			buildSettings = {
				BUNDLE_LOADER = "$(TEST_HOST)";
				CODE_SIGN_STYLE = Automatic;
				INFOPLIST_FILE = NewsTests/Info.plist;
				LD_RUNPATH_SEARCH_PATHS = (
					"$(inherited)",
					"@executable_path/Frameworks",
					"@loader_path/Frameworks",
				);
				PRODUCT_BUNDLE_IDENTIFIER = Src.NewsTests;
				PRODUCT_NAME = "$(TARGET_NAME)";
				TARGETED_DEVICE_FAMILY = "1,2";
				TEST_HOST = "$(BUILT_PRODUCTS_DIR)/News.app/News";
			};
			name = Release;
		};
		3C77E0BC2144C050008BCE36 /* Debug */ = {
			isa = XCBuildConfiguration;
			buildSettings = {
				CODE_SIGN_STYLE = Automatic;
				INFOPLIST_FILE = NewsUITests/Info.plist;
				LD_RUNPATH_SEARCH_PATHS = (
					"$(inherited)",
					"@executable_path/Frameworks",
					"@loader_path/Frameworks",
				);
				PRODUCT_BUNDLE_IDENTIFIER = Src.NewsUITests;
				PRODUCT_NAME = "$(TARGET_NAME)";
				TARGETED_DEVICE_FAMILY = "1,2";
				TEST_TARGET_NAME = News;
			};
			name = Debug;
		};
		3C77E0BD2144C050008BCE36 /* Release */ = {
			isa = XCBuildConfiguration;
			buildSettings = {
				CODE_SIGN_STYLE = Automatic;
				INFOPLIST_FILE = NewsUITests/Info.plist;
				LD_RUNPATH_SEARCH_PATHS = (
					"$(inherited)",
					"@executable_path/Frameworks",
					"@loader_path/Frameworks",
				);
				PRODUCT_BUNDLE_IDENTIFIER = Src.NewsUITests;
				PRODUCT_NAME = "$(TARGET_NAME)";
				TARGETED_DEVICE_FAMILY = "1,2";
				TEST_TARGET_NAME = News;
			};
			name = Release;
		};
/* End XCBuildConfiguration section */

/* Begin XCConfigurationList section */
		3C77E0842144C04E008BCE36 /* Build configuration list for PBXProject "News" */ = {
			isa = XCConfigurationList;
			buildConfigurations = (
				3C77E0B32144C050008BCE36 /* Debug */,
				3C77E0B42144C050008BCE36 /* Release */,
			);
			defaultConfigurationIsVisible = 0;
			defaultConfigurationName = Release;
		};
		3C77E0B52144C050008BCE36 /* Build configuration list for PBXNativeTarget "News" */ = {
			isa = XCConfigurationList;
			buildConfigurations = (
				3C77E0B62144C050008BCE36 /* Debug */,
				3C77E0B72144C050008BCE36 /* Release */,
			);
			defaultConfigurationIsVisible = 0;
			defaultConfigurationName = Release;
		};
		3C77E0B82144C050008BCE36 /* Build configuration list for PBXNativeTarget "NewsTests" */ = {
			isa = XCConfigurationList;
			buildConfigurations = (
				3C77E0B92144C050008BCE36 /* Debug */,
				3C77E0BA2144C050008BCE36 /* Release */,
			);
			defaultConfigurationIsVisible = 0;
			defaultConfigurationName = Release;
		};
		3C77E0BB2144C050008BCE36 /* Build configuration list for PBXNativeTarget "NewsUITests" */ = {
			isa = XCConfigurationList;
			buildConfigurations = (
				3C77E0BC2144C050008BCE36 /* Debug */,
				3C77E0BD2144C050008BCE36 /* Release */,
			);
			defaultConfigurationIsVisible = 0;
			defaultConfigurationName = Release;
		};
/* End XCConfigurationList section */
	};
	rootObject = 3C77E0812144C04E008BCE36 /* Project object */;
}
